
Microsoft Visual Studio Solution File, Format Version 12.00
# Visual Studio 15
VisualStudioVersion = 15.0.27004.2002
MinimumVisualStudioVersion = 10.0.40219.1
Project("{FAE04EC0-301F-11D3-BF4B-00C04F79EFBC}") = "12", "12\12.csproj", "{4C1A05E6-AC7C-484B-A81E-C770AB90876D}"
EndProject
Global
	GlobalSection(SolutionConfigurationPlatforms) = preSolution
		Debug|Any CPU = Debug|Any CPU
		Release|Any CPU = Release|Any CPU
	EndGlobalSection
	GlobalSection(ProjectConfigurationPlatforms) = postSolution
		{4C1A05E6-AC7C-484B-A81E-C770AB90876D}.Debug|Any CPU.ActiveCfg = Debug|Any CPU
		{4C1A05E6-AC7C-484B-A81E-C770AB90876D}.Debug|Any CPU.Build.0 = Debug|Any CPU
		{4C1A05E6-AC7C-484B-A81E-C770AB90876D}.Release|Any CPU.ActiveCfg = Release|Any CPU
		{4C1A05E6-AC7C-484B-A81E-C770AB90876D}.Release|Any CPU.Build.0 = Release|Any CPU
	EndGlobalSection
	GlobalSection(SolutionProperties) = preSolution
		HideSolutionNode = FALSE
	EndGlobalSection
	GlobalSection(ExtensibilityGlobals) = postSolution
		SolutionGuid = {9D8F2D84-9253-45F5-88C2-0970116D75D7}
	EndGlobalSection
EndGlobal
