
Microsoft Visual Studio Solution File, Format Version 12.00
# Visual Studio 15
VisualStudioVersion = 15.0.27004.2002
MinimumVisualStudioVersion = 10.0.40219.1
Project("{FAE04EC0-301F-11D3-BF4B-00C04F79EFBC}") = "8ma", "8ma\8ma.csproj", "{F9AF5ABE-6EF5-4A91-AD2B-B7267F2B5816}"
EndProject
Global
	GlobalSection(SolutionConfigurationPlatforms) = preSolution
		Debug|Any CPU = Debug|Any CPU
		Release|Any CPU = Release|Any CPU
	EndGlobalSection
	GlobalSection(ProjectConfigurationPlatforms) = postSolution
		{F9AF5ABE-6EF5-4A91-AD2B-B7267F2B5816}.Debug|Any CPU.ActiveCfg = Debug|Any CPU
		{F9AF5ABE-6EF5-4A91-AD2B-B7267F2B5816}.Debug|Any CPU.Build.0 = Debug|Any CPU
		{F9AF5ABE-6EF5-4A91-AD2B-B7267F2B5816}.Release|Any CPU.ActiveCfg = Release|Any CPU
		{F9AF5ABE-6EF5-4A91-AD2B-B7267F2B5816}.Release|Any CPU.Build.0 = Release|Any CPU
	EndGlobalSection
	GlobalSection(SolutionProperties) = preSolution
		HideSolutionNode = FALSE
	EndGlobalSection
	GlobalSection(ExtensibilityGlobals) = postSolution
		SolutionGuid = {57E54319-53F9-463C-9470-935E2B8A0704}
	EndGlobalSection
EndGlobal
